
Microsoft Visual Studio Solution File, Format Version 12.00
# Visual Studio Version 17
VisualStudioVersion = 17.5.002.0
MinimumVisualStudioVersion = 10.0.40219.1
Project("{9A19103F-16F7-4668-BE54-9A1E7A4F7556}") = "crud-test-dotnet", "crud-test-dotnet.csproj", "{591C7F74-AED1-4F12-A9DB-7376C2A491D5}"
EndProject
Global
	GlobalSection(SolutionConfigurationPlatforms) = preSolution
		Debug|Any CPU = Debug|Any CPU
		Release|Any CPU = Release|Any CPU
	EndGlobalSection
	GlobalSection(ProjectConfigurationPlatforms) = postSolution
		{591C7F74-AED1-4F12-A9DB-7376C2A491D5}.Debug|Any CPU.ActiveCfg = Debug|Any CPU
		{591C7F74-AED1-4F12-A9DB-7376C2A491D5}.Debug|Any CPU.Build.0 = Debug|Any CPU
		{591C7F74-AED1-4F12-A9DB-7376C2A491D5}.Release|Any CPU.ActiveCfg = Release|Any CPU
		{591C7F74-AED1-4F12-A9DB-7376C2A491D5}.Release|Any CPU.Build.0 = Release|Any CPU
	EndGlobalSection
	GlobalSection(SolutionProperties) = preSolution
		HideSolutionNode = FALSE
	EndGlobalSection
	GlobalSection(ExtensibilityGlobals) = postSolution
		SolutionGuid = {EB4ECC25-EE43-42E6-98A2-D557A5F2DFBA}
	EndGlobalSection
EndGlobal
